// !$*UTF8*$!
{
	archiveVersion = 1;
	classes = {
	};
	objectVersion = 50;
	objects = {

/* Begin PBXBuildFile section */
		013D80E6211740B3005199FB /* AddItemViewControllerDelegate.swift in Sources */ = {isa = PBXBuildFile; fileRef = 013D80E5211740B3005199FB /* AddItemViewControllerDelegate.swift */; };
		017A644B21165BEC00B21F9A /* ChecklistItems.swift in Sources */ = {isa = PBXBuildFile; fileRef = 017A644A21165BEC00B21F9A /* ChecklistItems.swift */; };
		017A644D2116761900B21F9A /* AddItemViewController.swift in Sources */ = {isa = PBXBuildFile; fileRef = 017A644C2116761900B21F9A /* AddItemViewController.swift */; };
		017B1A9E21161F67008F04B6 /* AppDelegate.swift in Sources */ = {isa = PBXBuildFile; fileRef = 017B1A9D21161F67008F04B6 /* AppDelegate.swift */; };
		017B1AA321161F67008F04B6 /* Main.storyboard in Resources */ = {isa = PBXBuildFile; fileRef = 017B1AA121161F67008F04B6 /* Main.storyboard */; };
		017B1AA521161F68008F04B6 /* Assets.xcassets in Resources */ = {isa = PBXBuildFile; fileRef = 017B1AA421161F68008F04B6 /* Assets.xcassets */; };
		017B1AA821161F68008F04B6 /* LaunchScreen.storyboard in Resources */ = {isa = PBXBuildFile; fileRef = 017B1AA621161F68008F04B6 /* LaunchScreen.storyboard */; };
		017B1AB021161FF3008F04B6 /* ChecklistViewController.swift in Sources */ = {isa = PBXBuildFile; fileRef = 017B1AAF21161FF3008F04B6 /* ChecklistViewController.swift */; };
		017B1AB621163FDC008F04B6 /* ChecklistItem.swift in Sources */ = {isa = PBXBuildFile; fileRef = 017B1AB521163FDC008F04B6 /* ChecklistItem.swift */; };
/* End PBXBuildFile section */

/* Begin PBXFileReference section */
		013D80E5211740B3005199FB /* AddItemViewControllerDelegate.swift */ = {isa = PBXFileReference; lastKnownFileType = sourcecode.swift; path = AddItemViewControllerDelegate.swift; sourceTree = "<group>"; };
		017A644A21165BEC00B21F9A /* ChecklistItems.swift */ = {isa = PBXFileReference; lastKnownFileType = sourcecode.swift; path = ChecklistItems.swift; sourceTree = "<group>"; };
		017A644C2116761900B21F9A /* AddItemViewController.swift */ = {isa = PBXFileReference; lastKnownFileType = sourcecode.swift; path = AddItemViewController.swift; sourceTree = "<group>"; };
		017B1A9A21161F67008F04B6 /* Checklists.app */ = {isa = PBXFileReference; explicitFileType = wrapper.application; includeInIndex = 0; path = Checklists.app; sourceTree = BUILT_PRODUCTS_DIR; };
		017B1A9D21161F67008F04B6 /* AppDelegate.swift */ = {isa = PBXFileReference; lastKnownFileType = sourcecode.swift; path = AppDelegate.swift; sourceTree = "<group>"; };
		017B1AA221161F67008F04B6 /* Base */ = {isa = PBXFileReference; lastKnownFileType = file.storyboard; name = Base; path = Base.lproj/Main.storyboard; sourceTree = "<group>"; };
		017B1AA421161F68008F04B6 /* Assets.xcassets */ = {isa = PBXFileReference; lastKnownFileType = folder.assetcatalog; path = Assets.xcassets; sourceTree = "<group>"; };
		017B1AA721161F68008F04B6 /* Base */ = {isa = PBXFileReference; lastKnownFileType = file.storyboard; name = Base; path = Base.lproj/LaunchScreen.storyboard; sourceTree = "<group>"; };
		017B1AA921161F68008F04B6 /* Info.plist */ = {isa = PBXFileReference; lastKnownFileType = text.plist.xml; path = Info.plist; sourceTree = "<group>"; };
		017B1AAF21161FF3008F04B6 /* ChecklistViewController.swift */ = {isa = PBXFileReference; lastKnownFileType = sourcecode.swift; path = ChecklistViewController.swift; sourceTree = "<group>"; };
		017B1AB521163FDC008F04B6 /* ChecklistItem.swift */ = {isa = PBXFileReference; lastKnownFileType = sourcecode.swift; path = ChecklistItem.swift; sourceTree = "<group>"; };
/* End PBXFileReference section */

/* Begin PBXFrameworksBuildPhase section */
		017B1A9721161F67008F04B6 /* Frameworks */ = {
			isa = PBXFrameworksBuildPhase;
			buildActionMask = 2147483647;
			files = (
			);
			runOnlyForDeploymentPostprocessing = 0;
		};
/* End PBXFrameworksBuildPhase section */

/* Begin PBXGroup section */
		013D80E721174D5A005199FB /* Classes */ = {
			isa = PBXGroup;
			children = (
				017B1A9D21161F67008F04B6 /* AppDelegate.swift */,
				017B1AAF21161FF3008F04B6 /* ChecklistViewController.swift */,
				017A644C2116761900B21F9A /* AddItemViewController.swift */,
			);
			path = Classes;
			sourceTree = "<group>";
		};
		013D80E821174D61005199FB /* Protocols */ = {
			isa = PBXGroup;
			children = (
				013D80E5211740B3005199FB /* AddItemViewControllerDelegate.swift */,
			);
			path = Protocols;
			sourceTree = "<group>";
		};
		017B1A9121161F67008F04B6 = {
			isa = PBXGroup;
			children = (
				017B1A9C21161F67008F04B6 /* Checklists */,
				017B1A9B21161F67008F04B6 /* Products */,
			);
			sourceTree = "<group>";
		};
		017B1A9B21161F67008F04B6 /* Products */ = {
			isa = PBXGroup;
			children = (
				017B1A9A21161F67008F04B6 /* Checklists.app */,
			);
			name = Products;
			sourceTree = "<group>";
		};
		017B1A9C21161F67008F04B6 /* Checklists */ = {
			isa = PBXGroup;
			children = (
				017B1AB121163F45008F04B6 /* View */,
				017B1AB221163F4C008F04B6 /* View Controller */,
				017B1AB321163F56008F04B6 /* Model */,
				017B1AB421163F68008F04B6 /* Supporting Files */,
				017B1AA421161F68008F04B6 /* Assets.xcassets */,
			);
			path = Checklists;
			sourceTree = "<group>";
		};
		017B1AB121163F45008F04B6 /* View */ = {
			isa = PBXGroup;
			children = (
				017B1AA621161F68008F04B6 /* LaunchScreen.storyboard */,
				017B1AA121161F67008F04B6 /* Main.storyboard */,
			);
			path = View;
			sourceTree = "<group>";
		};
		017B1AB221163F4C008F04B6 /* View Controller */ = {
			isa = PBXGroup;
			children = (
				013D80E721174D5A005199FB /* Classes */,
				013D80E821174D61005199FB /* Protocols */,
			);
			path = "View Controller";
			sourceTree = "<group>";
		};
		017B1AB321163F56008F04B6 /* Model */ = {
			isa = PBXGroup;
			children = (
				017B1AB521163FDC008F04B6 /* ChecklistItem.swift */,
				017A644A21165BEC00B21F9A /* ChecklistItems.swift */,
			);
			path = Model;
			sourceTree = "<group>";
		};
		017B1AB421163F68008F04B6 /* Supporting Files */ = {
			isa = PBXGroup;
			children = (
				017B1AA921161F68008F04B6 /* Info.plist */,
			);
			path = "Supporting Files";
			sourceTree = "<group>";
		};
/* End PBXGroup section */

/* Begin PBXNativeTarget section */
		017B1A9921161F67008F04B6 /* Checklists */ = {
			isa = PBXNativeTarget;
			buildConfigurationList = 017B1AAC21161F68008F04B6 /* Build configuration list for PBXNativeTarget "Checklists" */;
			buildPhases = (
				017B1A9621161F67008F04B6 /* Sources */,
				017B1A9721161F67008F04B6 /* Frameworks */,
				017B1A9821161F67008F04B6 /* Resources */,
			);
			buildRules = (
			);
			dependencies = (
			);
			name = Checklists;
			productName = Checklists;
			productReference = 017B1A9A21161F67008F04B6 /* Checklists.app */;
			productType = "com.apple.product-type.application";
		};
/* End PBXNativeTarget section */

/* Begin PBXProject section */
		017B1A9221161F67008F04B6 /* Project object */ = {
			isa = PBXProject;
			attributes = {
				LastSwiftUpdateCheck = 0940;
				LastUpgradeCheck = 0940;
				ORGANIZATIONNAME = "Himanshu Dagar";
				TargetAttributes = {
					017B1A9921161F67008F04B6 = {
						CreatedOnToolsVersion = 9.4.1;
					};
				};
			};
			buildConfigurationList = 017B1A9521161F67008F04B6 /* Build configuration list for PBXProject "Checklists" */;
			compatibilityVersion = "Xcode 9.3";
			developmentRegion = en;
			hasScannedForEncodings = 0;
			knownRegions = (
				en,
				Base,
			);
			mainGroup = 017B1A9121161F67008F04B6;
			productRefGroup = 017B1A9B21161F67008F04B6 /* Products */;
			projectDirPath = "";
			projectRoot = "";
			targets = (
				017B1A9921161F67008F04B6 /* Checklists */,
			);
		};
/* End PBXProject section */

/* Begin PBXResourcesBuildPhase section */
		017B1A9821161F67008F04B6 /* Resources */ = {
			isa = PBXResourcesBuildPhase;
			buildActionMask = 2147483647;
			files = (
				017B1AA821161F68008F04B6 /* LaunchScreen.storyboard in Resources */,
				017B1AA521161F68008F04B6 /* Assets.xcassets in Resources */,
				017B1AA321161F67008F04B6 /* Main.storyboard in Resources */,
			);
			runOnlyForDeploymentPostprocessing = 0;
		};
/* End PBXResourcesBuildPhase section */

/* Begin PBXSourcesBuildPhase section */
		017B1A9621161F67008F04B6 /* Sources */ = {
			isa = PBXSourcesBuildPhase;
			buildActionMask = 2147483647;
			files = (
				013D80E6211740B3005199FB /* AddItemViewControllerDelegate.swift in Sources */,
				017A644D2116761900B21F9A /* AddItemViewController.swift in Sources */,
				017B1A9E21161F67008F04B6 /* AppDelegate.swift in Sources */,
				017B1AB621163FDC008F04B6 /* ChecklistItem.swift in Sources */,
				017B1AB021161FF3008F04B6 /* ChecklistViewController.swift in Sources */,
				017A644B21165BEC00B21F9A /* ChecklistItems.swift in Sources */,
			);
			runOnlyForDeploymentPostprocessing = 0;
		};
/* End PBXSourcesBuildPhase section */

/* Begin PBXVariantGroup section */
		017B1AA121161F67008F04B6 /* Main.storyboard */ = {
			isa = PBXVariantGroup;
			children = (
				017B1AA221161F67008F04B6 /* Base */,
			);
			name = Main.storyboard;
			sourceTree = "<group>";
		};
		017B1AA621161F68008F04B6 /* LaunchScreen.storyboard */ = {
			isa = PBXVariantGroup;
			children = (
				017B1AA721161F68008F04B6 /* Base */,
			);
			name = LaunchScreen.storyboard;
			sourceTree = "<group>";
		};
/* End PBXVariantGroup section */

/* Begin XCBuildConfiguration section */
		017B1AAA21161F68008F04B6 /* Debug */ = {
			isa = XCBuildConfiguration;
			buildSettings = {
				ALWAYS_SEARCH_USER_PATHS = NO;
				CLANG_ANALYZER_NONNULL = YES;
				CLANG_ANALYZER_NUMBER_OBJECT_CONVERSION = YES_AGGRESSIVE;
				CLANG_CXX_LANGUAGE_STANDARD = "gnu++14";
				CLANG_CXX_LIBRARY = "libc++";
				CLANG_ENABLE_MODULES = YES;
				CLANG_ENABLE_OBJC_ARC = YES;
				CLANG_ENABLE_OBJC_WEAK = YES;
				CLANG_WARN_BLOCK_CAPTURE_AUTORELEASING = YES;
				CLANG_WARN_BOOL_CONVERSION = YES;
				CLANG_WARN_COMMA = YES;
				CLANG_WARN_CONSTANT_CONVERSION = YES;
				CLANG_WARN_DEPRECATED_OBJC_IMPLEMENTATIONS = YES;
				CLANG_WARN_DIRECT_OBJC_ISA_USAGE = YES_ERROR;
				CLANG_WARN_DOCUMENTATION_COMMENTS = YES;
				CLANG_WARN_EMPTY_BODY = YES;
				CLANG_WARN_ENUM_CONVERSION = YES;
				CLANG_WARN_INFINITE_RECURSION = YES;
				CLANG_WARN_INT_CONVERSION = YES;
				CLANG_WARN_NON_LITERAL_NULL_CONVERSION = YES;
				CLANG_WARN_OBJC_IMPLICIT_RETAIN_SELF = YES;
				CLANG_WARN_OBJC_LITERAL_CONVERSION = YES;
				CLANG_WARN_OBJC_ROOT_CLASS = YES_ERROR;
				CLANG_WARN_RANGE_LOOP_ANALYSIS = YES;
				CLANG_WARN_STRICT_PROTOTYPES = YES;
				CLANG_WARN_SUSPICIOUS_MOVE = YES;
				CLANG_WARN_UNGUARDED_AVAILABILITY = YES_AGGRESSIVE;
				CLANG_WARN_UNREACHABLE_CODE = YES;
				CLANG_WARN__DUPLICATE_METHOD_MATCH = YES;
				CODE_SIGN_IDENTITY = "iPhone Developer";
				COPY_PHASE_STRIP = NO;
				DEBUG_INFORMATION_FORMAT = dwarf;
				ENABLE_STRICT_OBJC_MSGSEND = YES;
				ENABLE_TESTABILITY = YES;
				GCC_C_LANGUAGE_STANDARD = gnu11;
				GCC_DYNAMIC_NO_PIC = NO;
				GCC_NO_COMMON_BLOCKS = YES;
				GCC_OPTIMIZATION_LEVEL = 0;
				GCC_PREPROCESSOR_DEFINITIONS = (
					"DEBUG=1",
					"$(inherited)",
				);
				GCC_WARN_64_TO_32_BIT_CONVERSION = YES;
				GCC_WARN_ABOUT_RETURN_TYPE = YES_ERROR;
				GCC_WARN_UNDECLARED_SELECTOR = YES;
				GCC_WARN_UNINITIALIZED_AUTOS = YES_AGGRESSIVE;
				GCC_WARN_UNUSED_FUNCTION = YES;
				GCC_WARN_UNUSED_VARIABLE = YES;
				IPHONEOS_DEPLOYMENT_TARGET = 11.4;
				MTL_ENABLE_DEBUG_INFO = YES;
				ONLY_ACTIVE_ARCH = YES;
				SDKROOT = iphoneos;
				SWIFT_ACTIVE_COMPILATION_CONDITIONS = DEBUG;
				SWIFT_OPTIMIZATION_LEVEL = "-Onone";
			};
			name = Debug;
		};
		017B1AAB21161F68008F04B6 /* Release */ = {
			isa = XCBuildConfiguration;
			buildSettings = {
				ALWAYS_SEARCH_USER_PATHS = NO;
				CLANG_ANALYZER_NONNULL = YES;
				CLANG_ANALYZER_NUMBER_OBJECT_CONVERSION = YES_AGGRESSIVE;
				CLANG_CXX_LANGUAGE_STANDARD = "gnu++14";
				CLANG_CXX_LIBRARY = "libc++";
				CLANG_ENABLE_MODULES = YES;
				CLANG_ENABLE_OBJC_ARC = YES;
				CLANG_ENABLE_OBJC_WEAK = YES;
				CLANG_WARN_BLOCK_CAPTURE_AUTORELEASING = YES;
				CLANG_WARN_BOOL_CONVERSION = YES;
				CLANG_WARN_COMMA = YES;
				CLANG_WARN_CONSTANT_CONVERSION = YES;
				CLANG_WARN_DEPRECATED_OBJC_IMPLEMENTATIONS = YES;
				CLANG_WARN_DIRECT_OBJC_ISA_USAGE = YES_ERROR;
				CLANG_WARN_DOCUMENTATION_COMMENTS = YES;
				CLANG_WARN_EMPTY_BODY = YES;
				CLANG_WARN_ENUM_CONVERSION = YES;
				CLANG_WARN_INFINITE_RECURSION = YES;
				CLANG_WARN_INT_CONVERSION = YES;
				CLANG_WARN_NON_LITERAL_NULL_CONVERSION = YES;
				CLANG_WARN_OBJC_IMPLICIT_RETAIN_SELF = YES;
				CLANG_WARN_OBJC_LITERAL_CONVERSION = YES;
				CLANG_WARN_OBJC_ROOT_CLASS = YES_ERROR;
				CLANG_WARN_RANGE_LOOP_ANALYSIS = YES;
				CLANG_WARN_STRICT_PROTOTYPES = YES;
				CLANG_WARN_SUSPICIOUS_MOVE = YES;
				CLANG_WARN_UNGUARDED_AVAILABILITY = YES_AGGRESSIVE;
				CLANG_WARN_UNREACHABLE_CODE = YES;
				CLANG_WARN__DUPLICATE_METHOD_MATCH = YES;
				CODE_SIGN_IDENTITY = "iPhone Developer";
				COPY_PHASE_STRIP = NO;
				DEBUG_INFORMATION_FORMAT = "dwarf-with-dsym";
				ENABLE_NS_ASSERTIONS = NO;
				ENABLE_STRICT_OBJC_MSGSEND = YES;
				GCC_C_LANGUAGE_STANDARD = gnu11;
				GCC_NO_COMMON_BLOCKS = YES;
				GCC_WARN_64_TO_32_BIT_CONVERSION = YES;
				GCC_WARN_ABOUT_RETURN_TYPE = YES_ERROR;
				GCC_WARN_UNDECLARED_SELECTOR = YES;
				GCC_WARN_UNINITIALIZED_AUTOS = YES_AGGRESSIVE;
				GCC_WARN_UNUSED_FUNCTION = YES;
				GCC_WARN_UNUSED_VARIABLE = YES;
				IPHONEOS_DEPLOYMENT_TARGET = 11.4;
				MTL_ENABLE_DEBUG_INFO = NO;
				SDKROOT = iphoneos;
				SWIFT_COMPILATION_MODE = wholemodule;
				SWIFT_OPTIMIZATION_LEVEL = "-O";
				VALIDATE_PRODUCT = YES;
			};
			name = Release;
		};
		017B1AAD21161F68008F04B6 /* Debug */ = {
			isa = XCBuildConfiguration;
			buildSettings = {
				ASSETCATALOG_COMPILER_APPICON_NAME = AppIcon;
				CODE_SIGN_STYLE = Automatic;
				DEVELOPMENT_TEAM = 63373X245K;
				INFOPLIST_FILE = "Checklists/Supporting Files/Info.plist";
				LD_RUNPATH_SEARCH_PATHS = (
					"$(inherited)",
					"@executable_path/Frameworks",
				);
				PRODUCT_BUNDLE_IDENTIFIER = com.himanshudagarnsit.Checklists;
				PRODUCT_NAME = "$(TARGET_NAME)";
				SWIFT_VERSION = 4.0;
				TARGETED_DEVICE_FAMILY = "1,2";
			};
			name = Debug;
		};
		017B1AAE21161F68008F04B6 /* Release */ = {
			isa = XCBuildConfiguration;
			buildSettings = {
				ASSETCATALOG_COMPILER_APPICON_NAME = AppIcon;
				CODE_SIGN_STYLE = Automatic;
				DEVELOPMENT_TEAM = 63373X245K;
				INFOPLIST_FILE = "Checklists/Supporting Files/Info.plist";
				LD_RUNPATH_SEARCH_PATHS = (
					"$(inherited)",
					"@executable_path/Frameworks",
				);
				PRODUCT_BUNDLE_IDENTIFIER = com.himanshudagarnsit.Checklists;
				PRODUCT_NAME = "$(TARGET_NAME)";
				SWIFT_VERSION = 4.0;
				TARGETED_DEVICE_FAMILY = "1,2";
			};
			name = Release;
		};
/* End XCBuildConfiguration section */

/* Begin XCConfigurationList section */
		017B1A9521161F67008F04B6 /* Build configuration list for PBXProject "Checklists" */ = {
			isa = XCConfigurationList;
			buildConfigurations = (
				017B1AAA21161F68008F04B6 /* Debug */,
				017B1AAB21161F68008F04B6 /* Release */,
			);
			defaultConfigurationIsVisible = 0;
			defaultConfigurationName = Release;
		};
		017B1AAC21161F68008F04B6 /* Build configuration list for PBXNativeTarget "Checklists" */ = {
			isa = XCConfigurationList;
			buildConfigurations = (
				017B1AAD21161F68008F04B6 /* Debug */,
				017B1AAE21161F68008F04B6 /* Release */,
			);
			defaultConfigurationIsVisible = 0;
			defaultConfigurationName = Release;
		};
/* End XCConfigurationList section */
	};
	rootObject = 017B1A9221161F67008F04B6 /* Project object */;
}
